{
  "nodes": {
    "customConfig": {
      "locked": {
        "narHash": "sha256-NdBgwn6xJOM5j+T4ViTq+7FToInEbzvKcdOBpjQvILw=",
        "path": "./custom-config",
        "type": "path"
      },
      "original": {
        "path": "./custom-config",
        "type": "path"
      }
    },
    "haskellNix": {
      "inputs": {
        "nixpkgs": "nixpkgs",
        "nixpkgs-2009": "nixpkgs-2009",
        "nixpkgs-2105": "nixpkgs-2105",
        "nixpkgs-unstable": "nixpkgs-unstable"
      },
      "locked": {
        "lastModified": 1626657157,
        "narHash": "sha256-4TPqLokSoDVUVqYrpnXvX0aSb+v6jLezonPgs4zR/OU=",
        "owner": "input-output-hk",
        "repo": "haskell.nix",
        "rev": "f9d261d6d90d4aebd97f7ae60c951fc9e1d98493",
        "type": "github"
      },
      "original": {
        "owner": "input-output-hk",
        "repo": "haskell.nix",
        "type": "github"
      }
    },
    "iohkNix": {
      "inputs": {
        "nixpkgs": [
          "nixpkgs"
        ]
      },
      "locked": {
        "lastModified": 1626280493,
        "narHash": "sha256-+uk8Lb6ulWppzJ0AwS645YJgzbjCutqNix5Ro5g3Z94=",
        "owner": "input-output-hk",
        "repo": "iohk-nix",
        "rev": "0068efb20a3cd74dae8dfaedefaa18ad72d4a1a9",
        "type": "github"
      },
      "original": {
        "owner": "input-output-hk",
        "repo": "iohk-nix",
        "type": "github"
      }
    },
    "nixpkgs": {
      "locked": {
        "lastModified": 1624291665,
        "narHash": "sha256-kNkaoa3dai9WOi7fsPklCCWZ8hRAkXx0ZUhpYKShyUk=",
        "owner": "NixOS",
        "repo": "nixpkgs",
        "rev": "3c6f3f84af60a8ed5b8a79cf3026b7630fcdefb8",
        "type": "github"
      },
      "original": {
        "owner": "NixOS",
        "repo": "nixpkgs",
        "rev": "3c6f3f84af60a8ed5b8a79cf3026b7630fcdefb8",
        "type": "github"
      }
    },
    "nixpkgs-2009": {
      "locked": {
        "lastModified": 1624271064,
        "narHash": "sha256-qns/uRW7MR2EfVf6VEeLgCsCp7pIOjDeR44JzTF09MA=",
        "owner": "NixOS",
        "repo": "nixpkgs",
        "rev": "46d1c3f28ca991601a53e9a14fdd53fcd3dd8416",
        "type": "github"
      },
      "original": {
        "owner": "NixOS",
        "repo": "nixpkgs",
        "rev": "46d1c3f28ca991601a53e9a14fdd53fcd3dd8416",
        "type": "github"
      }
    },
    "nixpkgs-2105": {
      "locked": {
        "lastModified": 1624291665,
        "narHash": "sha256-kNkaoa3dai9WOi7fsPklCCWZ8hRAkXx0ZUhpYKShyUk=",
        "owner": "NixOS",
        "repo": "nixpkgs",
        "rev": "3c6f3f84af60a8ed5b8a79cf3026b7630fcdefb8",
        "type": "github"
      },
      "original": {
        "owner": "NixOS",
        "repo": "nixpkgs",
        "rev": "3c6f3f84af60a8ed5b8a79cf3026b7630fcdefb8",
        "type": "github"
      }
    },
    "nixpkgs-unstable": {
      "locked": {
        "lastModified": 1623862044,
        "narHash": "sha256-mY7nldu9Wl/Yb0qMPihZrWw0bRWXNsk6iyYztw/6F6Y=",
        "owner": "NixOS",
        "repo": "nixpkgs",
        "rev": "0747387223edf1aa5beaedf48983471315d95e16",
        "type": "github"
      },
      "original": {
        "owner": "NixOS",
        "repo": "nixpkgs",
        "rev": "0747387223edf1aa5beaedf48983471315d95e16",
        "type": "github"
      }
    },
    "root": {
      "inputs": {
        "customConfig": "customConfig",
        "haskellNix": "haskellNix",
        "iohkNix": "iohkNix",
        "nixpkgs": [
          "haskellNix",
          "nixpkgs-2105"
        ],
        "utils": "utils"
      }
    },
    "utils": {
      "locked": {
        "lastModified": 1623875721,
        "narHash": "sha256-A8BU7bjS5GirpAUv4QA+QnJ4CceLHkcXdRp4xITDB0s=",
        "owner": "numtide",
        "repo": "flake-utils",
        "rev": "f7e004a55b120c02ecb6219596820fcd32ca8772",
        "type": "github"
      },
      "original": {
        "owner": "numtide",
        "repo": "flake-utils",
        "type": "github"
      }
    }
  },
  "root": "root",
  "version": 7
}
