# This file was autogenerated by Stack.
# You should not edit this file by hand.
# For more information, please see the documentation at:
#   https://docs.haskellstack.org/en/stable/lock_files

packages:
- completed:
    subdir: cborg
    cabal-file:
      size: 4473
      sha256: 5c72d944b7bd98d5fd918213513584a49b07fb0907148d71ee24afd7924f440a
    name: cborg
    version: 0.2.1.0
    git: https://github.com/well-typed/cborg
    pantry-tree:
      size: 2243
      sha256: d8001af8df4f88525deb460bde969f19427751b17743b7444dc14ca0b8adb3a9
    commit: 80fbe0ee5e67a5622e2cb9eaa9d8594a2214322d
  original:
    subdir: cborg
    git: https://github.com/well-typed/cborg
    commit: 80fbe0ee5e67a5622e2cb9eaa9d8594a2214322d
- completed:
    cabal-file:
      size: 5160
      sha256: c63f867b4395bc239680ad7c9e6e1e90fe622319c6c12874266c8b58dd58faf9
    name: cardano-crypto
    version: 1.1.0
    git: https://github.com/input-output-hk/cardano-crypto
    pantry-tree:
      size: 5645
      sha256: 411e313af0537ed9c5b2c0710bdc77bc7572a94eab216cfb8fd8b985e24c7974
    commit: 3c707936ba0a665375acf5bd240dc4b6eaa6c0bc
  original:
    git: https://github.com/input-output-hk/cardano-crypto
    commit: 3c707936ba0a665375acf5bd240dc4b6eaa6c0bc
- completed:
    cabal-file:
      size: 2853
      sha256: 3004c7a170849aef1dc7cb0e009071bdd7e969c05c4f9e2bde5989db7158ba2f
    name: canonical-json
    version: 0.5.0.2
    git: http://github.com/nc6/canonical-json
    pantry-tree:
      size: 906
      sha256: c5d23b9c67c941d72f061dd17c93d247d32a6335b0b546915c1dc5d479beb590
    commit: a9dc9b893649bc2e2a770ab22d278a780f7e3a3c
  original:
    git: http://github.com/nc6/canonical-json
    commit: a9dc9b893649bc2e2a770ab22d278a780f7e3a3c
- completed:
    hackage: base58-bytestring-0.1.0@sha256:a1da72ee89d5450bac1c792d9fcbe95ed7154ab7246f2172b57bd4fd9b5eab79,1913
    pantry-tree:
      size: 419
      sha256: 053784f8edef6433518c873a7c502dc75348f812e2384e1306f90467ea54f40b
  original:
    hackage: base58-bytestring-0.1.0
- completed:
    hackage: hedgehog-1.0@sha256:1437173d3fa562dcc454ef996f2dd41cd0e004ccbcf15e6e73dcd6f247db50ac,4463
    pantry-tree:
      size: 2409
      sha256: 6497b13b911abf9010705332467c744ac775fe79a3871b5b7743213fbedf2dc9
  original:
    hackage: hedgehog-1.0
- completed:
    hackage: micro-recursion-schemes-5.0.2.2@sha256:3e7e4e3aa4b1bb1f6b72add2804602db1460dae541dc1c59d1b741477879be7d,1869
    pantry-tree:
      size: 641
      sha256: 698cb91cbc5a3bcd8a82417a4632db96aaf84bd70eb6783693be44f8f0593c53
  original:
    hackage: micro-recursion-schemes-5.0.2.2
- completed:
    hackage: streaming-binary-0.3.0.1@sha256:f02a45297ca42a27cf9b3888711aafaf25e7cf7e640ac3133ebac856bb690083,1058
    pantry-tree:
      size: 443
      sha256: fdc2e67e1117e5c536ae6c8707cedc9b08fa2344d8735bdefd56b9815fdc43d4
  original:
    hackage: streaming-binary-0.3.0.1
- completed:
    hackage: transformers-0.5.6.2@sha256:6c959d14430f4deffb99579ba019de07c3d852a2122b6f449344386c7d75ff1d,3172
    pantry-tree:
      size: 2512
      sha256: c79246ba7d61392c2f214376fed3c2a05e4b2649b93ec2c849a86493f278ace0
  original:
    hackage: transformers-0.5.6.2
- completed:
    hackage: process-1.6.5.0@sha256:0f42f038aca38f990b68083a1b5bed34ace91b93539095a9ec1e2d44cd435ddb,2469
    pantry-tree:
      size: 1211
      sha256: 853918f4b144d67d8246a82ad65bd3dfbcfde71aefb69386c1bbd6a8e53a95c4
  original:
    hackage: process-1.6.5.0
- completed:
    subdir: .
    cabal-file:
      size: 10540
      sha256: a2a39b16ce11b7431a127df46aa1c73a3e12e9c42b293608f4d6442d71bc755f
    name: cardano-ledger
    version: 0.1.0.0
    git: https://github.com/input-output-hk/cardano-ledger
    pantry-tree:
      size: 30213
      sha256: b64ab8246531dc815cc444c3a224ef6a6b6e7d80d3b4880b9a4b2609f96b8e7d
    commit: fbffd18089041efb1f8d1896c5410bc2302811ef
  original:
    subdir: .
    git: https://github.com/input-output-hk/cardano-ledger
    commit: fbffd18089041efb1f8d1896c5410bc2302811ef
- completed:
    subdir: crypto
    cabal-file:
      size: 4903
      sha256: 8f126ba83582e788b8c1d7e259a1d7d21f5dd1261e395295b2ed2eaa0e416315
    name: cardano-crypto-wrapper
    version: 1.3.0
    git: https://github.com/input-output-hk/cardano-ledger
    pantry-tree:
      size: 5401
      sha256: 42231155fb67ac3197e5e101568a5b3d6295b0f4822c41da76c2a464fa8524f3
    commit: fbffd18089041efb1f8d1896c5410bc2302811ef
  original:
    subdir: crypto
    git: https://github.com/input-output-hk/cardano-ledger
    commit: fbffd18089041efb1f8d1896c5410bc2302811ef
- completed:
    subdir: crypto/test
    cabal-file:
      size: 1598
      sha256: 0080b451521cd821f9e739eedd043c16065f3eccda295e02ab3f4324eba9084f
    name: cardano-crypto-test
    version: 1.3.0
    git: https://github.com/input-output-hk/cardano-ledger
    pantry-tree:
      size: 2710
      sha256: 38ef15fd5ec977223898d1a30a6ab38eeec4a947fbeacf9c91dc27a07a51f56a
    commit: fbffd18089041efb1f8d1896c5410bc2302811ef
  original:
    subdir: crypto/test
    git: https://github.com/input-output-hk/cardano-ledger
    commit: fbffd18089041efb1f8d1896c5410bc2302811ef
- completed:
    subdir: test
    cabal-file:
      size: 3378
      sha256: f169f3495cd4b236d3899d61ea702940413a9a7d6d88246b3b929579ff8ab390
    name: cardano-ledger-test
    version: 1.3.0
    git: https://github.com/input-output-hk/cardano-ledger
    pantry-tree:
      size: 12008
      sha256: 7133b2f64ff7391c87ccf7394e51b601594861cfd36c9378bf8eaf72d278ef0c
    commit: fbffd18089041efb1f8d1896c5410bc2302811ef
  original:
    subdir: test
    git: https://github.com/input-output-hk/cardano-ledger
    commit: fbffd18089041efb1f8d1896c5410bc2302811ef
- completed:
    subdir: .
    cabal-file:
      size: 3745
      sha256: 81ccbe9888a5c1be783d51a87d811850b1a5e42433798bc20b0e4b567cded0a3
    name: cardano-prelude
    version: 0.1.0.0
    git: https://github.com/input-output-hk/cardano-prelude
    pantry-tree:
      size: 2719
      sha256: 82105d21eb4018f9dc4e37d0d672356f847946cf8ab8540a0f5fe9892fe58c39
    commit: a136c4242b9c9f6124b811329bc8ccdfd86c514e
  original:
    subdir: .
    git: https://github.com/input-output-hk/cardano-prelude
    commit: a136c4242b9c9f6124b811329bc8ccdfd86c514e
- completed:
    subdir: test
    cabal-file:
      size: 2019
      sha256: 636a631831630a26c78a81b3f5bc9dd187bb851471c39068ac95551e3cfc8015
    name: cardano-prelude-test
    version: 0.1.0.0
    git: https://github.com/input-output-hk/cardano-prelude
    pantry-tree:
      size: 894
      sha256: f11d16e8888dccc243eff4ff1c9c80c223c5b1dd08b89cadb3e53d74f4933fe8
    commit: a136c4242b9c9f6124b811329bc8ccdfd86c514e
  original:
    subdir: test
    git: https://github.com/input-output-hk/cardano-prelude
    commit: a136c4242b9c9f6124b811329bc8ccdfd86c514e
- completed:
    subdir: binary
    cabal-file:
      size: 3167
      sha256: 1182ade5413bf3fa6b2da794026bf4c800b986eb897b10a3d03ff4492f2050d2
    name: cardano-binary
    version: 1.5.0
    git: https://github.com/input-output-hk/cardano-base
    pantry-tree:
      size: 1677
      sha256: 3dcb0da8b269c9a9df36d6f6827936889cb9ce12ce23158a73638b36dbad56f2
    commit: b676160954cea07d4378ccca870a61242bc188a2
  original:
    subdir: binary
    git: https://github.com/input-output-hk/cardano-base
    commit: b676160954cea07d4378ccca870a61242bc188a2
- completed:
    subdir: binary/test
    cabal-file:
      size: 1549
      sha256: 6d01fe34942755be144ebc11381121b4eb368251ea66a24c4f909e3707fcfeb2
    name: cardano-binary-test
    version: 1.3.0
    git: https://github.com/input-output-hk/cardano-base
    pantry-tree:
      size: 792
      sha256: 4401b0400eb7b38203cc93fb95b12e14b74a19f569fec9857ba95a7924e476c4
    commit: b676160954cea07d4378ccca870a61242bc188a2
  original:
    subdir: binary/test
    git: https://github.com/input-output-hk/cardano-base
    commit: b676160954cea07d4378ccca870a61242bc188a2
- completed:
    cabal-file:
      size: 5402
      sha256: 239af9acb4270fcc419c71f73273df8f1c139aa6412b9e666f9a7d5d08a0c327
    name: cardano-shell
    version: 0.1.0.0
    git: https://github.com/input-output-hk/cardano-shell
    pantry-tree:
      size: 8275
      sha256: 6aa4735e7e7be5b81524cc0a47f34d532849b905108385942d6825014062d96f
    commit: f6fcda280ddd1d4ef87e5203d65d132f924a6e39
  original:
    git: https://github.com/input-output-hk/cardano-shell
    commit: f6fcda280ddd1d4ef87e5203d65d132f924a6e39
- completed:
    hackage: binary-0.8.7.0@sha256:ae3e6cca723ac55c54bbb3fa771bcf18142bc727afd57818e66d6ee6c8044f12,7705
    pantry-tree:
      size: 1976
      sha256: 35e44b6d3ccf0d56fc5407dc3f0895e74696a66da189afbd65973c95743f5e25
  original:
    hackage: binary-0.8.7.0
- completed:
    hackage: containers-0.5.11.0@sha256:28ad7337057442f75bc689315ab4ec7bdf5e6b2c39668f306672cecd82c02798,16685
    pantry-tree:
      size: 4849
      sha256: faa4e75922a28f7cfe9920c1d7ab3866b792cefcd29bf79f54cfe3b6b5f57cbf
  original:
    hackage: containers-0.5.11.0
- completed:
    hackage: ekg-prometheus-adapter-0.1.0.4@sha256:d95487be7f282976cfb23c5b3826eaa1a279aff1e3821b29cf60ad3164e903ab,1494
    pantry-tree:
      size: 300
      sha256: 7879229e738c82a340a9c5584a39771df432ef2e36c62430ee2b4160e2f562cd
  original:
    hackage: ekg-prometheus-adapter-0.1.0.4
- completed:
    hackage: prometheus-2.1.1@sha256:f855cfb55e04d0c82a2a9f6542c08b278e6ef27d86b7491f065f9628c7057ac9,4099
    pantry-tree:
      size: 1559
      sha256: ca9b397774bf46d3221f5f79da55f56835421121b59559d0084675696805c906
  original:
    hackage: prometheus-2.1.1
- completed:
    hackage: time-units-1.0.0@sha256:27cf54091c4a0ca73d504fc11d5c31ab4041d17404fe3499945e2055697746c1,928
    pantry-tree:
      size: 212
      sha256: 9b516d4195fcea22cd1f4335cfe210e88deca397ba7dacc494d5a2feb69e1af8
  original:
    hackage: time-units-1.0.0
- completed:
    hackage: libsystemd-journal-1.4.4@sha256:ad86652aad0c1755945a15c323ec77afc139d1f66d60dfe2c02c1caf6efd913e,1238
    pantry-tree:
      size: 280
      sha256: 3e3ac394e103c996eb606acf2c31bf90ec97a7e758afa0165d4c1afc2cf21a4d
  original:
    hackage: libsystemd-journal-1.4.4
- completed:
    subdir: contra-tracer
    cabal-file:
      size: 743
      sha256: 1129311e292f84a4cc68df442d33df718dbdf81efd9773c984aa257402549aac
    name: contra-tracer
    version: 0.1.0.0
    git: https://github.com/input-output-hk/iohk-monitoring-framework
    pantry-tree:
      size: 292
      sha256: 32d9a07c1bb8324437d6f65a057fbca3b92a2c87efe1a8bbe55ba5f7530f15de
    commit: 9129241a1306e2418bb775c63ad8a3ccd785c068
  original:
    subdir: contra-tracer
    git: https://github.com/input-output-hk/iohk-monitoring-framework
    commit: 9129241a1306e2418bb775c63ad8a3ccd785c068
- completed:
    subdir: iohk-monitoring
    cabal-file:
      size: 9317
      sha256: 363bd5a0bf63e99bbea4827d7e26e625e6010db3f415a5ffd40ed8de1c2d77df
    name: iohk-monitoring
    version: 0.1.9.0
    git: https://github.com/input-output-hk/iohk-monitoring-framework
    pantry-tree:
      size: 4291
      sha256: b3079515ee5680b0a0ab3746e6b3eded0e2f32ca68d33f12c721361398511b8e
    commit: 9129241a1306e2418bb775c63ad8a3ccd785c068
  original:
    subdir: iohk-monitoring
    git: https://github.com/input-output-hk/iohk-monitoring-framework
    commit: 9129241a1306e2418bb775c63ad8a3ccd785c068
- completed:
    cabal-file:
      size: 2179
      sha256: 528d19d2032950a6200d3d6ace8b761eaa0911418944e7dd3d53fb0e97ec1204
    name: cardano-sl-x509
    version: 3.0.0
    git: https://github.com/input-output-hk/cardano-sl-x509
    pantry-tree:
      size: 690
      sha256: 8a5016e63ee953a23843b8f636a99df3d29926d2abcab03224d6f0cd3baf0fa6
    commit: e8bfc1294e088f90e5ae0b4aedbc82ee46ac5ee4
  original:
    git: https://github.com/input-output-hk/cardano-sl-x509
    commit: e8bfc1294e088f90e5ae0b4aedbc82ee46ac5ee4
- completed:
    cabal-file:
      size: 1619
      sha256: e0386eab2f147698375028f2f96c536369bd95bf72f87823aeecd95d0a2033aa
    name: bimap
    version: 0.3.3
    git: https://github.com/joelwilliamson/bimap
    pantry-tree:
      size: 466
      sha256: 341c86d04caa07e963e1e803c008a93abba28569210f7da7affb00544506df26
    commit: 997fbb38b08dec14d225d064dac05b0a85f4ceae
  original:
    git: https://github.com/joelwilliamson/bimap
    commit: 997fbb38b08dec14d225d064dac05b0a85f4ceae
- completed:
    subdir: io-sim-classes
    cabal-file:
      size: 1917
      sha256: bb0f7848dc600fe31b2bc36f717e048d050c635ecc3edef61fb94b1e3a485f0f
    name: io-sim-classes
    version: 0.1.0.0
    git: https://github.com/input-output-hk/ouroboros-network
    pantry-tree:
      size: 726
      sha256: 4ad96d7fdf3a8a8628dba40e45aa2ee23f5814f3127d1bb77e51659401ae5331
    commit: c848f9cb6b964f70c5c5248c596a071d2ff57132
  original:
    subdir: io-sim-classes
    git: https://github.com/input-output-hk/ouroboros-network
    commit: c848f9cb6b964f70c5c5248c596a071d2ff57132
- completed:
    subdir: ouroboros-network
    cabal-file:
      size: 13874
      sha256: 660258f2d9453a034a26601e131bf09d2a9999f8cd39efb70aaf862d61662868
    name: ouroboros-network
    version: 0.1.0.0
    git: https://github.com/input-output-hk/ouroboros-network
    pantry-tree:
      size: 6688
      sha256: fe11ceaef4aeaa343ed1a1aeaa8b297b985a41625818f90504becc6608154680
    commit: c848f9cb6b964f70c5c5248c596a071d2ff57132
  original:
    subdir: ouroboros-network
    git: https://github.com/input-output-hk/ouroboros-network
    commit: c848f9cb6b964f70c5c5248c596a071d2ff57132
- completed:
    subdir: ouroboros-consensus
    cabal-file:
      size: 17355
      sha256: 8bed212c11c725758fd9af91bd7062fa1405ad441a621e69e0053b287f65742b
    name: ouroboros-consensus
    version: 0.1.0.0
    git: https://github.com/input-output-hk/ouroboros-network
    pantry-tree:
      size: 14595
      sha256: f77b5a90a4544dc8d1a79d0e882127e3eec08a4c064ef6b8bc85d3a7f5bd42ba
    commit: c848f9cb6b964f70c5c5248c596a071d2ff57132
  original:
    subdir: ouroboros-consensus
    git: https://github.com/input-output-hk/ouroboros-network
    commit: c848f9cb6b964f70c5c5248c596a071d2ff57132
- completed:
    subdir: typed-protocols
    cabal-file:
      size: 3611
      sha256: e9c7f2e95dbc6bd6736996c0699c3aee4fb72adebf96369361a2e92dd049fe7f
    name: typed-protocols
    version: 0.1.0.0
    git: https://github.com/input-output-hk/ouroboros-network
    pantry-tree:
      size: 1793
      sha256: ac624e3d961183bc44c990f6e369cb6277366d73785796752f726d47a049d9de
    commit: c848f9cb6b964f70c5c5248c596a071d2ff57132
  original:
    subdir: typed-protocols
    git: https://github.com/input-output-hk/ouroboros-network
    commit: c848f9cb6b964f70c5c5248c596a071d2ff57132
snapshots:
- completed:
    size: 1150
    url: https://raw.githubusercontent.com/input-output-hk/cardano-prelude/a136c4242b9c9f6124b811329bc8ccdfd86c514e/snapshot.yaml
    sha256: 90641c5727194cfd3aa1de6c34af3d8a4dc4f8c4ee9229bcd51fccb963eabd41
  original:
    url: https://raw.githubusercontent.com/input-output-hk/cardano-prelude/a136c4242b9c9f6124b811329bc8ccdfd86c514e/snapshot.yaml
- completed:
    size: 497510
    url: https://raw.githubusercontent.com/commercialhaskell/stackage-snapshots/master/lts/13/16.yaml
    sha256: 3e56dd069db766f8e4c0a61ba49611e549c8b7757369fe1a063d1c33548790ac
  original: lts-13.16
